
Microsoft Visual Studio Solution File, Format Version 12.00
# Visual Studio Version 17
VisualStudioVersion = 17.0.31903.59
MinimumVisualStudioVersion = 10.0.40219.1
Project("{2150E333-8FDC-42A3-9474-1A3956D46DE8}") = "src", "src", "{8E79EB3E-50FD-4EF9-8916-C6A651980318}"
EndProject
Project("{2150E333-8FDC-42A3-9474-1A3956D46DE8}") = "test", "test", "{32E83924-3B0F-4E8A-8A3A-0A486E737E2D}"
EndProject
Project("{9A19103F-16F7-4668-BE54-9A1E7A4F7556}") = "Bookify.Application", "src\Bookify.Application\Bookify.Application.csproj", "{3B03B723-A580-4044-BF7F-9AA0BC0CECEF}"
EndProject
Project("{9A19103F-16F7-4668-BE54-9A1E7A4F7556}") = "Bookify.Domain", "src\Bookify.Domain\Bookify.Domain.csproj", "{8041CEBA-16B6-4E50-A52C-CC4CB49B862C}"
EndProject
Project("{9A19103F-16F7-4668-BE54-9A1E7A4F7556}") = "Bookify.Infrastructure", "src\Bookify.Infrastructure\Bookify.Infrastructure\Bookify.Infrastructure.csproj", "{41945CD3-F15C-481E-ADEA-4B3F35EAFED1}"
EndProject
Project("{9A19103F-16F7-4668-BE54-9A1E7A4F7556}") = "Bookify.Api", "src\Bookify.Api\Bookify.Api.csproj", "{37838001-4122-4FC7-AB32-9C9A9C1665A6}"
EndProject
Project("{E53339B2-1760-4266-BCC7-CA923CBCF16C}") = "docker-compose", "docker-compose.dcproj", "{536032B5-EE70-469B-B709-EC357950F5E3}"
EndProject
Project("{FAE04EC0-301F-11D3-BF4B-00C04F79EFBC}") = "Bookify.Domain.UnitTests", "test\Bookify.Domain.UnitTests\Bookify.Domain.UnitTests.csproj", "{6A71479D-1F4E-4E34-B3EE-224347779F07}"
EndProject
Global
	GlobalSection(SolutionConfigurationPlatforms) = preSolution
		Debug|Any CPU = Debug|Any CPU
		Release|Any CPU = Release|Any CPU
	EndGlobalSection
	GlobalSection(ProjectConfigurationPlatforms) = postSolution
		{3B03B723-A580-4044-BF7F-9AA0BC0CECEF}.Debug|Any CPU.ActiveCfg = Debug|Any CPU
		{3B03B723-A580-4044-BF7F-9AA0BC0CECEF}.Debug|Any CPU.Build.0 = Debug|Any CPU
		{3B03B723-A580-4044-BF7F-9AA0BC0CECEF}.Release|Any CPU.ActiveCfg = Release|Any CPU
		{3B03B723-A580-4044-BF7F-9AA0BC0CECEF}.Release|Any CPU.Build.0 = Release|Any CPU
		{8041CEBA-16B6-4E50-A52C-CC4CB49B862C}.Debug|Any CPU.ActiveCfg = Debug|Any CPU
		{8041CEBA-16B6-4E50-A52C-CC4CB49B862C}.Debug|Any CPU.Build.0 = Debug|Any CPU
		{8041CEBA-16B6-4E50-A52C-CC4CB49B862C}.Release|Any CPU.ActiveCfg = Release|Any CPU
		{8041CEBA-16B6-4E50-A52C-CC4CB49B862C}.Release|Any CPU.Build.0 = Release|Any CPU
		{41945CD3-F15C-481E-ADEA-4B3F35EAFED1}.Debug|Any CPU.ActiveCfg = Debug|Any CPU
		{41945CD3-F15C-481E-ADEA-4B3F35EAFED1}.Debug|Any CPU.Build.0 = Debug|Any CPU
		{41945CD3-F15C-481E-ADEA-4B3F35EAFED1}.Release|Any CPU.ActiveCfg = Release|Any CPU
		{41945CD3-F15C-481E-ADEA-4B3F35EAFED1}.Release|Any CPU.Build.0 = Release|Any CPU
		{37838001-4122-4FC7-AB32-9C9A9C1665A6}.Debug|Any CPU.ActiveCfg = Debug|Any CPU
		{37838001-4122-4FC7-AB32-9C9A9C1665A6}.Debug|Any CPU.Build.0 = Debug|Any CPU
		{37838001-4122-4FC7-AB32-9C9A9C1665A6}.Release|Any CPU.ActiveCfg = Release|Any CPU
		{37838001-4122-4FC7-AB32-9C9A9C1665A6}.Release|Any CPU.Build.0 = Release|Any CPU
		{536032B5-EE70-469B-B709-EC357950F5E3}.Debug|Any CPU.ActiveCfg = Debug|Any CPU
		{536032B5-EE70-469B-B709-EC357950F5E3}.Debug|Any CPU.Build.0 = Debug|Any CPU
		{536032B5-EE70-469B-B709-EC357950F5E3}.Release|Any CPU.ActiveCfg = Release|Any CPU
		{536032B5-EE70-469B-B709-EC357950F5E3}.Release|Any CPU.Build.0 = Release|Any CPU
		{6A71479D-1F4E-4E34-B3EE-224347779F07}.Debug|Any CPU.ActiveCfg = Debug|Any CPU
		{6A71479D-1F4E-4E34-B3EE-224347779F07}.Debug|Any CPU.Build.0 = Debug|Any CPU
		{6A71479D-1F4E-4E34-B3EE-224347779F07}.Release|Any CPU.ActiveCfg = Release|Any CPU
		{6A71479D-1F4E-4E34-B3EE-224347779F07}.Release|Any CPU.Build.0 = Release|Any CPU
	EndGlobalSection
	GlobalSection(SolutionProperties) = preSolution
		HideSolutionNode = FALSE
	EndGlobalSection
	GlobalSection(NestedProjects) = preSolution
		{3B03B723-A580-4044-BF7F-9AA0BC0CECEF} = {8E79EB3E-50FD-4EF9-8916-C6A651980318}
		{8041CEBA-16B6-4E50-A52C-CC4CB49B862C} = {8E79EB3E-50FD-4EF9-8916-C6A651980318}
		{41945CD3-F15C-481E-ADEA-4B3F35EAFED1} = {8E79EB3E-50FD-4EF9-8916-C6A651980318}
		{37838001-4122-4FC7-AB32-9C9A9C1665A6} = {8E79EB3E-50FD-4EF9-8916-C6A651980318}
		{6A71479D-1F4E-4E34-B3EE-224347779F07} = {32E83924-3B0F-4E8A-8A3A-0A486E737E2D}
	EndGlobalSection
	GlobalSection(ExtensibilityGlobals) = postSolution
		SolutionGuid = {0F3ECD53-FC36-4E1E-BEA4-577DC2FC141D}
	EndGlobalSection
EndGlobal
